
Microsoft Visual Studio Solution File, Format Version 12.00
# Visual Studio Version 17
VisualStudioVersion = 17.4.33213.308
MinimumVisualStudioVersion = 10.0.40219.1
Project("{FAE04EC0-301F-11D3-BF4B-00C04F79EFBC}") = "RandomFoxAPI Oplossing", "RandomFoxAPI Oplossing\RandomFoxAPI Oplossing.csproj", "{B8AEE26E-E4D4-487C-81BA-135C75D3267A}"
EndProject
Global
	GlobalSection(SolutionConfigurationPlatforms) = preSolution
		Debug|Any CPU = Debug|Any CPU
		Release|Any CPU = Release|Any CPU
	EndGlobalSection
	GlobalSection(ProjectConfigurationPlatforms) = postSolution
		{B8AEE26E-E4D4-487C-81BA-135C75D3267A}.Debug|Any CPU.ActiveCfg = Debug|Any CPU
		{B8AEE26E-E4D4-487C-81BA-135C75D3267A}.Debug|Any CPU.Build.0 = Debug|Any CPU
		{B8AEE26E-E4D4-487C-81BA-135C75D3267A}.Release|Any CPU.ActiveCfg = Release|Any CPU
		{B8AEE26E-E4D4-487C-81BA-135C75D3267A}.Release|Any CPU.Build.0 = Release|Any CPU
	EndGlobalSection
	GlobalSection(SolutionProperties) = preSolution
		HideSolutionNode = FALSE
	EndGlobalSection
	GlobalSection(ExtensibilityGlobals) = postSolution
		SolutionGuid = {E4D23FD4-D941-4A68-B330-265ED80A591D}
	EndGlobalSection
EndGlobal
